{
  "name": "@currencybird/moleculer-sentry",
  "version": "1.0.0",
  "lockfileVersion": 2,
  "requires": true,
  "packages": {
    "": {
      "name": "@currencybird/moleculer-sentry",
      "version": "1.0.0",
      "license": "ISC",
      "dependencies": {
        "@sentry/node": "^6.18.2",
        "@sentry/tracing": "^6.18.2"
      }
    },
    "node_modules/@sentry/core": {
      "version": "6.18.2",
      "resolved": "https://currencybird-400246627288.d.codeartifact.us-east-1.amazonaws.com:443/npm/ms-common/@sentry/core/-/core-6.18.2.tgz",
      "integrity": "sha512-r5ad/gq5S/JHc9sd5CUhZQT9ojQ+f+thk/AoGeGawX/8HURZYAgIqD565d6FK0VsZEDkdRMl58z1Qon20h3y1g==",
      "dependencies": {
        "@sentry/hub": "6.18.2",
        "@sentry/minimal": "6.18.2",
        "@sentry/types": "6.18.2",
        "@sentry/utils": "6.18.2",
        "tslib": "^1.9.3"
      },
      "engines": {
        "node": ">=6"
      }
    },
    "node_modules/@sentry/hub": {
      "version": "6.18.2",
      "resolved": "https://currencybird-400246627288.d.codeartifact.us-east-1.amazonaws.com:443/npm/ms-common/@sentry/hub/-/hub-6.18.2.tgz",
      "integrity": "sha512-d0AugekMkbnN12b4EXMjseJxtLPc9S20DGobCPUb4oAQT6S2oDQEj1jwP6PQ5vtgyy+GMYWxBMgqAQ4pjVYISQ==",
      "dependencies": {
        "@sentry/types": "6.18.2",
        "@sentry/utils": "6.18.2",
        "tslib": "^1.9.3"
      },
      "engines": {
        "node": ">=6"
      }
    },
    "node_modules/@sentry/minimal": {
      "version": "6.18.2",
      "resolved": "https://currencybird-400246627288.d.codeartifact.us-east-1.amazonaws.com:443/npm/ms-common/@sentry/minimal/-/minimal-6.18.2.tgz",
      "integrity": "sha512-n7KYuo34W2LxE+3dnZ47of7XHuORINCnXq66XH72eoj67tf0XeWbIhEJrYGmoLRyRfoCYYrBLWiDl/uTjLzrzQ==",
      "dependencies": {
        "@sentry/hub": "6.18.2",
        "@sentry/types": "6.18.2",
        "tslib": "^1.9.3"
      },
      "engines": {
        "node": ">=6"
      }
    },
    "node_modules/@sentry/node": {
      "version": "6.18.2",
      "resolved": "https://currencybird-400246627288.d.codeartifact.us-east-1.amazonaws.com:443/npm/ms-common/@sentry/node/-/node-6.18.2.tgz",
      "integrity": "sha512-1S+44c09n3KVpCYjwOfnA9jKvnpPegpQWM81Nu5J6ToGx+ZiddMq6B9GRXUnFfZ7Z6fJHZzFtySasQC7KqkQoA==",
      "dependencies": {
        "@sentry/core": "6.18.2",
        "@sentry/hub": "6.18.2",
        "@sentry/types": "6.18.2",
        "@sentry/utils": "6.18.2",
        "cookie": "^0.4.1",
        "https-proxy-agent": "^5.0.0",
        "lru_map": "^0.3.3",
        "tslib": "^1.9.3"
      },
      "engines": {
        "node": ">=6"
      }
    },
    "node_modules/@sentry/tracing": {
      "version": "6.18.2",
      "resolved": "https://currencybird-400246627288.d.codeartifact.us-east-1.amazonaws.com:443/npm/ms-common/@sentry/tracing/-/tracing-6.18.2.tgz",
      "integrity": "sha512-hg6NLqrqJ5sUPTyWEQ2RqdnhQVnyLtx8II0IyWxQLDWD8UCe3Mu6G7mroDtakPWcP+lWz6OnKfMEfuhMcxR8fw==",
      "dependencies": {
        "@sentry/hub": "6.18.2",
        "@sentry/minimal": "6.18.2",
        "@sentry/types": "6.18.2",
        "@sentry/utils": "6.18.2",
        "tslib": "^1.9.3"
      },
      "engines": {
        "node": ">=6"
      }
    },
    "node_modules/@sentry/types": {
      "version": "6.18.2",
      "resolved": "https://currencybird-400246627288.d.codeartifact.us-east-1.amazonaws.com:443/npm/ms-common/@sentry/types/-/types-6.18.2.tgz",
      "integrity": "sha512-WzpJf/Q5aORTzrSwer/As1NlO90dBAQpaHV2ikDDKqOyMWEgjKb5/4gh59p9gH8JMMnLetP1AvQel0fOj5UnUw==",
      "engines": {
        "node": ">=6"
      }
    },
    "node_modules/@sentry/utils": {
      "version": "6.18.2",
      "resolved": "https://currencybird-400246627288.d.codeartifact.us-east-1.amazonaws.com:443/npm/ms-common/@sentry/utils/-/utils-6.18.2.tgz",
      "integrity": "sha512-EC619jesknyu4xpwud5WC/5odYLz6JUy7OSFy5405PpdGeh/m8XUvuJAx4zDx0Iz/Mlk0S1Md+ZcQwqkv39dkw==",
      "dependencies": {
        "@sentry/types": "6.18.2",
        "tslib": "^1.9.3"
      },
      "engines": {
        "node": ">=6"
      }
    },
    "node_modules/agent-base": {
      "version": "6.0.2",
      "resolved": "https://currencybird-400246627288.d.codeartifact.us-east-1.amazonaws.com:443/npm/ms-common/agent-base/-/agent-base-6.0.2.tgz",
      "integrity": "sha512-RZNwNclF7+MS/8bDg70amg32dyeZGZxiDuQmZxKLAlQjr3jGyLx+4Kkk58UO7D2QdgFIQCovuSuZESne6RG6XQ==",
      "dependencies": {
        "debug": "4"
      },
      "engines": {
        "node": ">= 6.0.0"
      }
    },
    "node_modules/cookie": {
      "version": "0.4.2",
      "resolved": "https://currencybird-400246627288.d.codeartifact.us-east-1.amazonaws.com:443/npm/ms-common/cookie/-/cookie-0.4.2.tgz",
      "integrity": "sha512-aSWTXFzaKWkvHO1Ny/s+ePFpvKsPnjc551iI41v3ny/ow6tBG5Vd+FuqGNhh1LxOmVzOlGUriIlOaokOvhaStA==",
      "engines": {
        "node": ">= 0.6"
      }
    },
    "node_modules/debug": {
      "version": "4.3.3",
      "resolved": "https://currencybird-400246627288.d.codeartifact.us-east-1.amazonaws.com:443/npm/ms-common/debug/-/debug-4.3.3.tgz",
      "integrity": "sha512-/zxw5+vh1Tfv+4Qn7a5nsbcJKPaSvCDhojn6FEl9vupwK2VCSDtEiEtqr8DFtzYFOdz63LBkxec7DYuc2jon6Q==",
      "dependencies": {
        "ms": "2.1.2"
      },
      "engines": {
        "node": ">=6.0"
      },
      "peerDependenciesMeta": {
        "supports-color": {
          "optional": true
        }
      }
    },
    "node_modules/https-proxy-agent": {
      "version": "5.0.0",
      "resolved": "https://currencybird-400246627288.d.codeartifact.us-east-1.amazonaws.com:443/npm/ms-common/https-proxy-agent/-/https-proxy-agent-5.0.0.tgz",
      "integrity": "sha512-EkYm5BcKUGiduxzSt3Eppko+PiNWNEpa4ySk9vTC6wDsQJW9rHSa+UhGNJoRYp7bz6Ht1eaRIa6QaJqO5rCFbA==",
      "dependencies": {
        "agent-base": "6",
        "debug": "4"
      },
      "engines": {
        "node": ">= 6"
      }
    },
    "node_modules/lru_map": {
      "version": "0.3.3",
      "resolved": "https://currencybird-400246627288.d.codeartifact.us-east-1.amazonaws.com:443/npm/ms-common/lru_map/-/lru_map-0.3.3.tgz",
      "integrity": "sha1-tcg1G5Rky9dQM1p5ZQoOwOVhGN0="
    },
    "node_modules/ms": {
      "version": "2.1.2",
      "resolved": "https://currencybird-400246627288.d.codeartifact.us-east-1.amazonaws.com:443/npm/ms-common/ms/-/ms-2.1.2.tgz",
      "integrity": "sha512-sGkPx+VjMtmA6MX27oA4FBFELFCZZ4S4XqeGOXCv68tT+jb3vk/RyaKWP0PTKyWtmLSM0b+adUTEvbs1PEaH2w=="
    },
    "node_modules/tslib": {
      "version": "1.14.1",
      "resolved": "https://currencybird-400246627288.d.codeartifact.us-east-1.amazonaws.com:443/npm/ms-common/tslib/-/tslib-1.14.1.tgz",
      "integrity": "sha512-Xni35NKzjgMrwevysHTCArtLDpPvye8zV/0E4EyYn43P7/7qvQwPh9BGkHewbMulVntbigmcT7rdX3BNo9wRJg=="
    }
  },
  "dependencies": {
    "@sentry/core": {
      "version": "6.18.2",
      "resolved": "https://currencybird-400246627288.d.codeartifact.us-east-1.amazonaws.com:443/npm/ms-common/@sentry/core/-/core-6.18.2.tgz",
      "integrity": "sha512-r5ad/gq5S/JHc9sd5CUhZQT9ojQ+f+thk/AoGeGawX/8HURZYAgIqD565d6FK0VsZEDkdRMl58z1Qon20h3y1g==",
      "requires": {
        "@sentry/hub": "6.18.2",
        "@sentry/minimal": "6.18.2",
        "@sentry/types": "6.18.2",
        "@sentry/utils": "6.18.2",
        "tslib": "^1.9.3"
      }
    },
    "@sentry/hub": {
      "version": "6.18.2",
      "resolved": "https://currencybird-400246627288.d.codeartifact.us-east-1.amazonaws.com:443/npm/ms-common/@sentry/hub/-/hub-6.18.2.tgz",
      "integrity": "sha512-d0AugekMkbnN12b4EXMjseJxtLPc9S20DGobCPUb4oAQT6S2oDQEj1jwP6PQ5vtgyy+GMYWxBMgqAQ4pjVYISQ==",
      "requires": {
        "@sentry/types": "6.18.2",
        "@sentry/utils": "6.18.2",
        "tslib": "^1.9.3"
      }
    },
    "@sentry/minimal": {
      "version": "6.18.2",
      "resolved": "https://currencybird-400246627288.d.codeartifact.us-east-1.amazonaws.com:443/npm/ms-common/@sentry/minimal/-/minimal-6.18.2.tgz",
      "integrity": "sha512-n7KYuo34W2LxE+3dnZ47of7XHuORINCnXq66XH72eoj67tf0XeWbIhEJrYGmoLRyRfoCYYrBLWiDl/uTjLzrzQ==",
      "requires": {
        "@sentry/hub": "6.18.2",
        "@sentry/types": "6.18.2",
        "tslib": "^1.9.3"
      }
    },
    "@sentry/node": {
      "version": "6.18.2",
      "resolved": "https://currencybird-400246627288.d.codeartifact.us-east-1.amazonaws.com:443/npm/ms-common/@sentry/node/-/node-6.18.2.tgz",
      "integrity": "sha512-1S+44c09n3KVpCYjwOfnA9jKvnpPegpQWM81Nu5J6ToGx+ZiddMq6B9GRXUnFfZ7Z6fJHZzFtySasQC7KqkQoA==",
      "requires": {
        "@sentry/core": "6.18.2",
        "@sentry/hub": "6.18.2",
        "@sentry/types": "6.18.2",
        "@sentry/utils": "6.18.2",
        "cookie": "^0.4.1",
        "https-proxy-agent": "^5.0.0",
        "lru_map": "^0.3.3",
        "tslib": "^1.9.3"
      }
    },
    "@sentry/tracing": {
      "version": "6.18.2",
      "resolved": "https://currencybird-400246627288.d.codeartifact.us-east-1.amazonaws.com:443/npm/ms-common/@sentry/tracing/-/tracing-6.18.2.tgz",
      "integrity": "sha512-hg6NLqrqJ5sUPTyWEQ2RqdnhQVnyLtx8II0IyWxQLDWD8UCe3Mu6G7mroDtakPWcP+lWz6OnKfMEfuhMcxR8fw==",
      "requires": {
        "@sentry/hub": "6.18.2",
        "@sentry/minimal": "6.18.2",
        "@sentry/types": "6.18.2",
        "@sentry/utils": "6.18.2",
        "tslib": "^1.9.3"
      }
    },
    "@sentry/types": {
      "version": "6.18.2",
      "resolved": "https://currencybird-400246627288.d.codeartifact.us-east-1.amazonaws.com:443/npm/ms-common/@sentry/types/-/types-6.18.2.tgz",
      "integrity": "sha512-WzpJf/Q5aORTzrSwer/As1NlO90dBAQpaHV2ikDDKqOyMWEgjKb5/4gh59p9gH8JMMnLetP1AvQel0fOj5UnUw=="
    },
    "@sentry/utils": {
      "version": "6.18.2",
      "resolved": "https://currencybird-400246627288.d.codeartifact.us-east-1.amazonaws.com:443/npm/ms-common/@sentry/utils/-/utils-6.18.2.tgz",
      "integrity": "sha512-EC619jesknyu4xpwud5WC/5odYLz6JUy7OSFy5405PpdGeh/m8XUvuJAx4zDx0Iz/Mlk0S1Md+ZcQwqkv39dkw==",
      "requires": {
        "@sentry/types": "6.18.2",
        "tslib": "^1.9.3"
      }
    },
    "agent-base": {
      "version": "6.0.2",
      "resolved": "https://currencybird-400246627288.d.codeartifact.us-east-1.amazonaws.com:443/npm/ms-common/agent-base/-/agent-base-6.0.2.tgz",
      "integrity": "sha512-RZNwNclF7+MS/8bDg70amg32dyeZGZxiDuQmZxKLAlQjr3jGyLx+4Kkk58UO7D2QdgFIQCovuSuZESne6RG6XQ==",
      "requires": {
        "debug": "4"
      }
    },
    "cookie": {
      "version": "0.4.2",
      "resolved": "https://currencybird-400246627288.d.codeartifact.us-east-1.amazonaws.com:443/npm/ms-common/cookie/-/cookie-0.4.2.tgz",
      "integrity": "sha512-aSWTXFzaKWkvHO1Ny/s+ePFpvKsPnjc551iI41v3ny/ow6tBG5Vd+FuqGNhh1LxOmVzOlGUriIlOaokOvhaStA=="
    },
    "debug": {
      "version": "4.3.3",
      "resolved": "https://currencybird-400246627288.d.codeartifact.us-east-1.amazonaws.com:443/npm/ms-common/debug/-/debug-4.3.3.tgz",
      "integrity": "sha512-/zxw5+vh1Tfv+4Qn7a5nsbcJKPaSvCDhojn6FEl9vupwK2VCSDtEiEtqr8DFtzYFOdz63LBkxec7DYuc2jon6Q==",
      "requires": {
        "ms": "2.1.2"
      }
    },
    "https-proxy-agent": {
      "version": "5.0.0",
      "resolved": "https://currencybird-400246627288.d.codeartifact.us-east-1.amazonaws.com:443/npm/ms-common/https-proxy-agent/-/https-proxy-agent-5.0.0.tgz",
      "integrity": "sha512-EkYm5BcKUGiduxzSt3Eppko+PiNWNEpa4ySk9vTC6wDsQJW9rHSa+UhGNJoRYp7bz6Ht1eaRIa6QaJqO5rCFbA==",
      "requires": {
        "agent-base": "6",
        "debug": "4"
      }
    },
    "lru_map": {
      "version": "0.3.3",
      "resolved": "https://currencybird-400246627288.d.codeartifact.us-east-1.amazonaws.com:443/npm/ms-common/lru_map/-/lru_map-0.3.3.tgz",
      "integrity": "sha1-tcg1G5Rky9dQM1p5ZQoOwOVhGN0="
    },
    "ms": {
      "version": "2.1.2",
      "resolved": "https://currencybird-400246627288.d.codeartifact.us-east-1.amazonaws.com:443/npm/ms-common/ms/-/ms-2.1.2.tgz",
      "integrity": "sha512-sGkPx+VjMtmA6MX27oA4FBFELFCZZ4S4XqeGOXCv68tT+jb3vk/RyaKWP0PTKyWtmLSM0b+adUTEvbs1PEaH2w=="
    },
    "tslib": {
      "version": "1.14.1",
      "resolved": "https://currencybird-400246627288.d.codeartifact.us-east-1.amazonaws.com:443/npm/ms-common/tslib/-/tslib-1.14.1.tgz",
      "integrity": "sha512-Xni35NKzjgMrwevysHTCArtLDpPvye8zV/0E4EyYn43P7/7qvQwPh9BGkHewbMulVntbigmcT7rdX3BNo9wRJg=="
    }
  }
}
